<Solution>
  <Folder Name="/src/">
    <Project Path="src/CardDemo.Api/CardDemo.Api.csproj" />
    <Project Path="src/CardDemo.Application/CardDemo.Application.csproj" />
    <Project Path="src/CardDemo.Domain/CardDemo.Domain.csproj" />
    <Project Path="src/CardDemo.Infrastructure/CardDemo.Infrastructure.csproj" />
  </Folder>
  <Folder Name="/tests/">
    <Project Path="tests/CardDemo.Tests/CardDemo.Tests.csproj" />
  </Folder>
</Solution>
